
Microsoft Visual Studio Solution File, Format Version 12.00
# Visual Studio Version 16
VisualStudioVersion = 16.0.30611.23
MinimumVisualStudioVersion = 10.0.40219.1
Project("{FAE04EC0-301F-11D3-BF4B-00C04F79EFBC}") = "WpfApp1frmBookBon1", "WpfApp1frmBookBon1\WpfApp1frmBookBon1.csproj", "{D28F8C28-1436-462F-A564-55047178C7CC}"
EndProject
Global
	GlobalSection(SolutionConfigurationPlatforms) = preSolution
		Debug|Any CPU = Debug|Any CPU
		Release|Any CPU = Release|Any CPU
	EndGlobalSection
	GlobalSection(ProjectConfigurationPlatforms) = postSolution
		{D28F8C28-1436-462F-A564-55047178C7CC}.Debug|Any CPU.ActiveCfg = Debug|Any CPU
		{D28F8C28-1436-462F-A564-55047178C7CC}.Debug|Any CPU.Build.0 = Debug|Any CPU
		{D28F8C28-1436-462F-A564-55047178C7CC}.Release|Any CPU.ActiveCfg = Release|Any CPU
		{D28F8C28-1436-462F-A564-55047178C7CC}.Release|Any CPU.Build.0 = Release|Any CPU
	EndGlobalSection
	GlobalSection(SolutionProperties) = preSolution
		HideSolutionNode = FALSE
	EndGlobalSection
	GlobalSection(ExtensibilityGlobals) = postSolution
		SolutionGuid = {12318F05-ED2A-4FF6-9A8D-087A18D5BCE3}
	EndGlobalSection
EndGlobal
